
Microsoft Visual Studio Solution File, Format Version 12.00
# Visual Studio Version 16
VisualStudioVersion = 16.0.31321.278
MinimumVisualStudioVersion = 10.0.40219.1
Project("{FAE04EC0-301F-11D3-BF4B-00C04F79EFBC}") = "ExcelCompare", "ExcelCompare\ExcelCompare.csproj", "{832E8CD5-443F-482C-AF51-9DD099D7AA71}"
EndProject
Global
	GlobalSection(SolutionConfigurationPlatforms) = preSolution
		Debug|Any CPU = Debug|Any CPU
		Release|Any CPU = Release|Any CPU
	EndGlobalSection
	GlobalSection(ProjectConfigurationPlatforms) = postSolution
		{832E8CD5-443F-482C-AF51-9DD099D7AA71}.Debug|Any CPU.ActiveCfg = Debug|Any CPU
		{832E8CD5-443F-482C-AF51-9DD099D7AA71}.Debug|Any CPU.Build.0 = Debug|Any CPU
		{832E8CD5-443F-482C-AF51-9DD099D7AA71}.Release|Any CPU.ActiveCfg = Release|Any CPU
		{832E8CD5-443F-482C-AF51-9DD099D7AA71}.Release|Any CPU.Build.0 = Release|Any CPU
	EndGlobalSection
	GlobalSection(SolutionProperties) = preSolution
		HideSolutionNode = FALSE
	EndGlobalSection
	GlobalSection(ExtensibilityGlobals) = postSolution
		SolutionGuid = {C1F1F63B-EAAD-4570-9691-0C26096DE718}
	EndGlobalSection
EndGlobal
